
Microsoft Visual Studio Solution File, Format Version 12.00
# Visual Studio Version 17
VisualStudioVersion = 17.5.33516.290
MinimumVisualStudioVersion = 10.0.40219.1
Project("{8BC9CEB8-8B4A-11D0-8D11-00A0C91BC942}") = "H_W_16_29.04", "H_W_16_29.04.vcxproj", "{FE4C427E-9C78-4E1C-B225-AC687C014033}"
EndProject
Global
	GlobalSection(SolutionConfigurationPlatforms) = preSolution
		Debug|x64 = Debug|x64
		Debug|x86 = Debug|x86
		Release|x64 = Release|x64
		Release|x86 = Release|x86
	EndGlobalSection
	GlobalSection(ProjectConfigurationPlatforms) = postSolution
		{FE4C427E-9C78-4E1C-B225-AC687C014033}.Debug|x64.ActiveCfg = Debug|x64
		{FE4C427E-9C78-4E1C-B225-AC687C014033}.Debug|x64.Build.0 = Debug|x64
		{FE4C427E-9C78-4E1C-B225-AC687C014033}.Debug|x86.ActiveCfg = Debug|Win32
		{FE4C427E-9C78-4E1C-B225-AC687C014033}.Debug|x86.Build.0 = Debug|Win32
		{FE4C427E-9C78-4E1C-B225-AC687C014033}.Release|x64.ActiveCfg = Release|x64
		{FE4C427E-9C78-4E1C-B225-AC687C014033}.Release|x64.Build.0 = Release|x64
		{FE4C427E-9C78-4E1C-B225-AC687C014033}.Release|x86.ActiveCfg = Release|Win32
		{FE4C427E-9C78-4E1C-B225-AC687C014033}.Release|x86.Build.0 = Release|Win32
	EndGlobalSection
	GlobalSection(SolutionProperties) = preSolution
		HideSolutionNode = FALSE
	EndGlobalSection
	GlobalSection(ExtensibilityGlobals) = postSolution
		SolutionGuid = {627A3124-E494-44AD-8230-CFF2434D0507}
	EndGlobalSection
EndGlobal
